
Microsoft Visual Studio Solution File, Format Version 12.00
# Visual Studio 2013
VisualStudioVersion = 12.0.31101.0
MinimumVisualStudioVersion = 10.0.40219.1
Project("{2150E333-8FDC-42A3-9474-1A3956D46DE8}") = ".nuget", ".nuget", "{967F1C73-A97A-4DF6-AF1E-A4A322F34959}"
	ProjectSection(SolutionItems) = preProject
		.nuget\packages.config = .nuget\packages.config
	EndProjectSection
EndProject
Project("{FAE04EC0-301F-11D3-BF4B-00C04F79EFBC}") = "CustomAttributes", "source\application\CustomAttributes\CustomAttributes.csproj", "{9202E856-3F34-47CE-AB99-B14EB8319E29}"
EndProject
Project("{FAE04EC0-301F-11D3-BF4B-00C04F79EFBC}") = "FixtureParser", "source\application\FixtureParser\FixtureParser.csproj", "{E4D3A085-6296-484A-A779-2E47E657B090}"
EndProject
Project("{2150E333-8FDC-42A3-9474-1A3956D46DE8}") = "test", "test", "{B6731B74-CE3F-47C5-9F09-B32B13FF7932}"
EndProject
Project("{FAE04EC0-301F-11D3-BF4B-00C04F79EFBC}") = "FPBRTest", "source\test\FPBRTest\FPBRTest.csproj", "{C54DDC83-7692-4828-90B8-D416DBA0507D}"
EndProject
Project("{FAE04EC0-301F-11D3-BF4B-00C04F79EFBC}") = "Runner", "source\application\Runner\Runner.csproj", "{B55F8446-AAD0-4C31-BDDF-1CF8EA427F51}"
EndProject
Project("{FAE04EC0-301F-11D3-BF4B-00C04F79EFBC}") = "StepBuilder", "source\application\StepBuilder\StepBuilder.csproj", "{3B70A0ED-5D3D-4C13-9C6C-C0CC5E26A85C}"
EndProject
Global
	GlobalSection(SolutionConfigurationPlatforms) = preSolution
		Debug|Any CPU = Debug|Any CPU
		Debug|x86 = Debug|x86
		Release|Any CPU = Release|Any CPU
		Release|x86 = Release|x86
		VS2010IntegrationTest|Any CPU = VS2010IntegrationTest|Any CPU
		VS2010IntegrationTest|x86 = VS2010IntegrationTest|x86
	EndGlobalSection
	GlobalSection(ProjectConfigurationPlatforms) = postSolution
		{9202E856-3F34-47CE-AB99-B14EB8319E29}.Debug|Any CPU.ActiveCfg = Debug|Any CPU
		{9202E856-3F34-47CE-AB99-B14EB8319E29}.Debug|Any CPU.Build.0 = Debug|Any CPU
		{9202E856-3F34-47CE-AB99-B14EB8319E29}.Debug|x86.ActiveCfg = Debug|Any CPU
		{9202E856-3F34-47CE-AB99-B14EB8319E29}.Release|Any CPU.ActiveCfg = Release|Any CPU
		{9202E856-3F34-47CE-AB99-B14EB8319E29}.Release|Any CPU.Build.0 = Release|Any CPU
		{9202E856-3F34-47CE-AB99-B14EB8319E29}.Release|x86.ActiveCfg = Release|Any CPU
		{9202E856-3F34-47CE-AB99-B14EB8319E29}.VS2010IntegrationTest|Any CPU.ActiveCfg = Release|Any CPU
		{9202E856-3F34-47CE-AB99-B14EB8319E29}.VS2010IntegrationTest|Any CPU.Build.0 = Release|Any CPU
		{9202E856-3F34-47CE-AB99-B14EB8319E29}.VS2010IntegrationTest|x86.ActiveCfg = Release|Any CPU
		{E4D3A085-6296-484A-A779-2E47E657B090}.Debug|Any CPU.ActiveCfg = Debug|Any CPU
		{E4D3A085-6296-484A-A779-2E47E657B090}.Debug|Any CPU.Build.0 = Debug|Any CPU
		{E4D3A085-6296-484A-A779-2E47E657B090}.Debug|x86.ActiveCfg = Debug|Any CPU
		{E4D3A085-6296-484A-A779-2E47E657B090}.Release|Any CPU.ActiveCfg = Release|Any CPU
		{E4D3A085-6296-484A-A779-2E47E657B090}.Release|Any CPU.Build.0 = Release|Any CPU
		{E4D3A085-6296-484A-A779-2E47E657B090}.Release|x86.ActiveCfg = Release|Any CPU
		{E4D3A085-6296-484A-A779-2E47E657B090}.VS2010IntegrationTest|Any CPU.ActiveCfg = Release|Any CPU
		{E4D3A085-6296-484A-A779-2E47E657B090}.VS2010IntegrationTest|Any CPU.Build.0 = Release|Any CPU
		{E4D3A085-6296-484A-A779-2E47E657B090}.VS2010IntegrationTest|x86.ActiveCfg = Release|Any CPU
		{C54DDC83-7692-4828-90B8-D416DBA0507D}.Debug|Any CPU.ActiveCfg = Debug|Any CPU
		{C54DDC83-7692-4828-90B8-D416DBA0507D}.Debug|Any CPU.Build.0 = Debug|Any CPU
		{C54DDC83-7692-4828-90B8-D416DBA0507D}.Debug|x86.ActiveCfg = Debug|Any CPU
		{C54DDC83-7692-4828-90B8-D416DBA0507D}.Release|Any CPU.ActiveCfg = Release|Any CPU
		{C54DDC83-7692-4828-90B8-D416DBA0507D}.Release|Any CPU.Build.0 = Release|Any CPU
		{C54DDC83-7692-4828-90B8-D416DBA0507D}.Release|x86.ActiveCfg = Release|Any CPU
		{C54DDC83-7692-4828-90B8-D416DBA0507D}.VS2010IntegrationTest|Any CPU.ActiveCfg = Release|Any CPU
		{C54DDC83-7692-4828-90B8-D416DBA0507D}.VS2010IntegrationTest|Any CPU.Build.0 = Release|Any CPU
		{C54DDC83-7692-4828-90B8-D416DBA0507D}.VS2010IntegrationTest|x86.ActiveCfg = Release|Any CPU
		{B55F8446-AAD0-4C31-BDDF-1CF8EA427F51}.Debug|Any CPU.ActiveCfg = Debug|Any CPU
		{B55F8446-AAD0-4C31-BDDF-1CF8EA427F51}.Debug|Any CPU.Build.0 = Debug|Any CPU
		{B55F8446-AAD0-4C31-BDDF-1CF8EA427F51}.Debug|x86.ActiveCfg = Debug|Any CPU
		{B55F8446-AAD0-4C31-BDDF-1CF8EA427F51}.Release|Any CPU.ActiveCfg = Release|Any CPU
		{B55F8446-AAD0-4C31-BDDF-1CF8EA427F51}.Release|Any CPU.Build.0 = Release|Any CPU
		{B55F8446-AAD0-4C31-BDDF-1CF8EA427F51}.Release|x86.ActiveCfg = Release|Any CPU
		{B55F8446-AAD0-4C31-BDDF-1CF8EA427F51}.VS2010IntegrationTest|Any CPU.ActiveCfg = Release|Any CPU
		{B55F8446-AAD0-4C31-BDDF-1CF8EA427F51}.VS2010IntegrationTest|Any CPU.Build.0 = Release|Any CPU
		{B55F8446-AAD0-4C31-BDDF-1CF8EA427F51}.VS2010IntegrationTest|x86.ActiveCfg = Release|Any CPU
		{3B70A0ED-5D3D-4C13-9C6C-C0CC5E26A85C}.Debug|Any CPU.ActiveCfg = Debug|Any CPU
		{3B70A0ED-5D3D-4C13-9C6C-C0CC5E26A85C}.Debug|Any CPU.Build.0 = Debug|Any CPU
		{3B70A0ED-5D3D-4C13-9C6C-C0CC5E26A85C}.Debug|x86.ActiveCfg = Debug|Any CPU
		{3B70A0ED-5D3D-4C13-9C6C-C0CC5E26A85C}.Release|Any CPU.ActiveCfg = Release|Any CPU
		{3B70A0ED-5D3D-4C13-9C6C-C0CC5E26A85C}.Release|Any CPU.Build.0 = Release|Any CPU
		{3B70A0ED-5D3D-4C13-9C6C-C0CC5E26A85C}.Release|x86.ActiveCfg = Release|Any CPU
		{3B70A0ED-5D3D-4C13-9C6C-C0CC5E26A85C}.VS2010IntegrationTest|Any CPU.ActiveCfg = Release|Any CPU
		{3B70A0ED-5D3D-4C13-9C6C-C0CC5E26A85C}.VS2010IntegrationTest|Any CPU.Build.0 = Release|Any CPU
		{3B70A0ED-5D3D-4C13-9C6C-C0CC5E26A85C}.VS2010IntegrationTest|x86.ActiveCfg = Release|Any CPU
	EndGlobalSection
	GlobalSection(SolutionProperties) = preSolution
		HideSolutionNode = FALSE
	EndGlobalSection
	GlobalSection(NestedProjects) = preSolution
		{C54DDC83-7692-4828-90B8-D416DBA0507D} = {B6731B74-CE3F-47C5-9F09-B32B13FF7932}
	EndGlobalSection
EndGlobal
